{
  "version": "4",
  "specifiers": {
    "jsr:@std/assert@*": "1.0.11",
    "jsr:@std/assert@^1.0.10": "1.0.11",
    "jsr:@std/internal@^1.0.5": "1.0.5",
    "jsr:@std/testing@*": "1.0.9"
  },
  "jsr": {
    "@std/assert@1.0.11": {
      "integrity": "2461ef3c368fe88bc60e186e7744a93112f16fd110022e113a0849e94d1c83c1",
      "dependencies": [
        "jsr:@std/internal"
      ]
    },
    "@std/internal@1.0.5": {
      "integrity": "54a546004f769c1ac9e025abd15a76b6671ddc9687e2313b67376125650dc7ba"
    },
    "@std/testing@1.0.9": {
      "integrity": "9bdd4ac07cb13e7594ac30e90f6ceef7254ac83a9aeaa089be0008f33aab5cd4",
      "dependencies": [
        "jsr:@std/assert@^1.0.10",
        "jsr:@std/internal"
      ]
    }
  },
  "workspace": {
    "packageJson": {
      "dependencies": [
        "npm:@playwright/test@^1.49.1",
        "npm:@silvia-odwyer/photon@~0.3.2",
        "npm:@tailwindcss/typography@~0.5.15",
        "npm:@types/node@^22.10.2",
        "npm:@vitejs/plugin-vue@^5.2.1",
        "npm:image-blob-reduce@^4.1.0",
        "npm:jest-extended@^4.0.2",
        "npm:jest@^29.7.0",
        "npm:nanoid@^5.0.9",
        "npm:pinia@^2.3.1",
        "npm:vite-plugin-top-level-await@^1.4.4",
        "npm:vite-plugin-wasm@^3.4.1",
        "npm:vite@^6.0.1",
        "npm:vue@^3.5.13"
      ]
    }
  }
}
